
Microsoft Visual Studio Solution File, Format Version 12.00
# Visual Studio 15
VisualStudioVersion = 15.0.26228.9
MinimumVisualStudioVersion = 10.0.40219.1
Project("{FAE04EC0-301F-11D3-BF4B-00C04F79EFBC}") = "WindowsFormsApp4", "WindowsFormsApp4\WindowsFormsApp4.csproj", "{C6F2375F-9D32-4D78-BECE-DA6430CE31AE}"
EndProject
Global
	GlobalSection(SolutionConfigurationPlatforms) = preSolution
		Debug|Any CPU = Debug|Any CPU
		Release|Any CPU = Release|Any CPU
	EndGlobalSection
	GlobalSection(ProjectConfigurationPlatforms) = postSolution
		{C6F2375F-9D32-4D78-BECE-DA6430CE31AE}.Debug|Any CPU.ActiveCfg = Debug|Any CPU
		{C6F2375F-9D32-4D78-BECE-DA6430CE31AE}.Debug|Any CPU.Build.0 = Debug|Any CPU
		{C6F2375F-9D32-4D78-BECE-DA6430CE31AE}.Release|Any CPU.ActiveCfg = Release|Any CPU
		{C6F2375F-9D32-4D78-BECE-DA6430CE31AE}.Release|Any CPU.Build.0 = Release|Any CPU
	EndGlobalSection
	GlobalSection(SolutionProperties) = preSolution
		HideSolutionNode = FALSE
	EndGlobalSection
EndGlobal
